# Generated by pub
# See https://dart.dev/tools/pub/glossary#lockfile
packages:
  _flutterfire_internals:
    dependency: transitive
    description:
      name: _flutterfire_internals
      sha256: "2d8e8e123ca3675625917f535fcc0d3a50092eef44334168f9b18adc050d4c6e"
      url: "https://pub.dev"
    source: hosted
    version: "1.3.6"
  args:
    dependency: transitive
    description:
      name: args
      sha256: eef6c46b622e0494a36c5a12d10d77fb4e855501a91c1b9ef9339326e58f0596
      url: "https://pub.dev"
    source: hosted
    version: "2.4.2"
  async:
    dependency: transitive
    description:
      name: async
      sha256: "947bfcf187f74dbc5e146c9eb9c0f10c9f8b30743e341481c1e2ed3ecc18c20c"
      url: "https://pub.dev"
    source: hosted
    version: "2.11.0"
  boolean_selector:
    dependency: transitive
    description:
      name: boolean_selector
      sha256: "6cfb5af12253eaf2b368f07bacc5a80d1301a071c73360d746b7f2e32d762c66"
      url: "https://pub.dev"
    source: hosted
    version: "2.1.1"
  buffer:
    dependency: transitive
    description:
      name: buffer
      sha256: "8962c12174f53e2e848a6acd7ac7fd63d8a1a6a316c20c458a832d87eba5422a"
      url: "https://pub.dev"
    source: hosted
    version: "1.2.0"
  characters:
    dependency: transitive
    description:
      name: characters
      sha256: "04a925763edad70e8443c99234dc3328f442e811f1d8fd1a72f1c8ad0f69a605"
      url: "https://pub.dev"
    source: hosted
    version: "1.3.0"
  clock:
    dependency: transitive
    description:
      name: clock
      sha256: cb6d7f03e1de671e34607e909a7213e31d7752be4fb66a86d29fe1eb14bfb5cf
      url: "https://pub.dev"
    source: hosted
    version: "1.1.1"
  cloud_firestore:
    dependency: "direct main"
    description:
      name: cloud_firestore
      sha256: "50e1ffa143fc5c49db1800392f8d9524fd015f9d26a9e4fc01b5ddb1e603e01b"
      url: "https://pub.dev"
    source: hosted
    version: "4.9.2"
  cloud_firestore_platform_interface:
    dependency: transitive
    description:
      name: cloud_firestore_platform_interface
      sha256: "150e603a40d52b3199e46b1e38d9f8ef8c2dee9e1fb2122d58d456c50015bf7c"
      url: "https://pub.dev"
    source: hosted
    version: "5.16.1"
  cloud_firestore_web:
    dependency: transitive
    description:
      name: cloud_firestore_web
      sha256: f033aef13b13f94b0f361898df39307d8710859c8912626cfb08e439e350bd66
      url: "https://pub.dev"
    source: hosted
    version: "3.7.1"
  collection:
    dependency: transitive
    description:
      name: collection
      sha256: f092b211a4319e98e5ff58223576de6c2803db36221657b46c82574721240687
      url: "https://pub.dev"
    source: hosted
    version: "1.17.2"
  convert:
    dependency: transitive
    description:
      name: convert
      sha256: "0f08b14755d163f6e2134cb58222dd25ea2a2ee8a195e53983d57c075324d592"
      url: "https://pub.dev"
    source: hosted
    version: "3.1.1"
  cross_file:
    dependency: transitive
    description:
      name: cross_file
      sha256: "0b0036e8cccbfbe0555fd83c1d31a6f30b77a96b598b35a5d36dd41f718695e9"
      url: "https://pub.dev"
    source: hosted
    version: "0.3.3+4"
  crypto:
    dependency: transitive
    description:
      name: crypto
      sha256: ff625774173754681d66daaf4a448684fb04b78f902da9cb3d308c19cc5e8bab
      url: "https://pub.dev"
    source: hosted
    version: "3.0.3"
  cupertino_icons:
    dependency: "direct main"
    description:
      name: cupertino_icons
      sha256: e35129dc44c9118cee2a5603506d823bab99c68393879edb440e0090d07586be
      url: "https://pub.dev"
    source: hosted
    version: "1.0.5"
  fake_async:
    dependency: transitive
    description:
      name: fake_async
      sha256: "511392330127add0b769b75a987850d136345d9227c6b94c96a04cf4a391bf78"
      url: "https://pub.dev"
    source: hosted
    version: "1.3.1"
  ffi:
    dependency: transitive
    description:
      name: ffi
      sha256: "7bf0adc28a23d395f19f3f1eb21dd7cfd1dd9f8e1c50051c069122e6853bc878"
      url: "https://pub.dev"
    source: hosted
    version: "2.1.0"
  file:
    dependency: transitive
    description:
      name: file
      sha256: "1b92bec4fc2a72f59a8e15af5f52cd441e4a7860b49499d69dfa817af20e925d"
      url: "https://pub.dev"
    source: hosted
    version: "6.1.4"
  firebase_core:
    dependency: "direct main"
    description:
      name: firebase_core
      sha256: "95580fa07c8ca3072a2bb1fecd792616a33f8683477d25b7d29d3a6a399e6ece"
      url: "https://pub.dev"
    source: hosted
    version: "2.17.0"
  firebase_core_platform_interface:
    dependency: transitive
    description:
      name: firebase_core_platform_interface
      sha256: b63e3be6c96ef5c33bdec1aab23c91eb00696f6452f0519401d640938c94cba2
      url: "https://pub.dev"
    source: hosted
    version: "4.8.0"
  firebase_core_web:
    dependency: transitive
    description:
      name: firebase_core_web
      sha256: e8c408923cd3a25bd342c576a114f2126769cd1a57106a4edeaa67ea4a84e962
      url: "https://pub.dev"
    source: hosted
    version: "2.8.0"
  firebase_database:
    dependency: "direct main"
    description:
      name: firebase_database
      sha256: "61d4f75599382194e5a5617e606f61ea5fe092315c61976fab9d3bd7b291e23c"
      url: "https://pub.dev"
    source: hosted
    version: "10.2.5"
  firebase_database_platform_interface:
    dependency: transitive
    description:
      name: firebase_database_platform_interface
      sha256: "951738c448a01a9aca2b72b59bf9ebd769a59e49cbae8a5b376e9bdd0ccba3de"
      url: "https://pub.dev"
    source: hosted
    version: "0.2.5+5"
  firebase_database_web:
    dependency: transitive
    description:
      name: firebase_database_web
      sha256: fcbd0fc83cabd529b88723d6721d10d7a88d10480fd93904513e60e32c5016d1
      url: "https://pub.dev"
    source: hosted
    version: "0.2.3+5"
  firebase_storage:
    dependency: "direct main"
    description:
      name: firebase_storage
      sha256: e9e889adc839a1a68e48762457bd91e247c3b02e4a065842037c039ebb51fa27
      url: "https://pub.dev"
    source: hosted
    version: "11.2.3"
  firebase_storage_platform_interface:
    dependency: transitive
    description:
      name: firebase_storage_platform_interface
      sha256: be0f4254cae3ccaefd5d1435b82c1fa3bda33187387b241c55b27d7516ea9b93
      url: "https://pub.dev"
    source: hosted
    version: "4.4.3"
  firebase_storage_web:
    dependency: transitive
    description:
      name: firebase_storage_web
      sha256: a5aae39af27ecce997ea53e61a35e0a61b3d33f3c247d74748de0bc40f1c5c5a
      url: "https://pub.dev"
    source: hosted
    version: "3.6.3"
  flutter:
    dependency: "direct main"
    description: flutter
    source: sdk
    version: "0.0.0"
  flutter_dotenv:
    dependency: "direct main"
    description:
      name: flutter_dotenv
      sha256: "9357883bdd153ab78cbf9ffa07656e336b8bbb2b5a3ca596b0b27e119f7c7d77"
      url: "https://pub.dev"
    source: hosted
    version: "5.1.0"
  flutter_lints:
    dependency: "direct dev"
    description:
      name: flutter_lints
      sha256: aeb0b80a8b3709709c9cc496cdc027c5b3216796bc0af0ce1007eaf24464fd4c
      url: "https://pub.dev"
    source: hosted
    version: "2.0.1"
  flutter_pdfview:
    dependency: "direct main"
    description:
      name: flutter_pdfview
      sha256: d9735fd8991609910742a25c63a5f87060849e57e60112c677b802ddb64bed72
      url: "https://pub.dev"
    source: hosted
    version: "1.3.1"
  flutter_slidable:
    dependency: "direct main"
    description:
      name: flutter_slidable
      sha256: c7607eb808cdef19c8468246e95a133308aeaeb3971cdd9edfb9d5e31cedfbe9
      url: "https://pub.dev"
    source: hosted
    version: "0.6.0"
  flutter_staggered_grid_view:
    dependency: "direct main"
    description:
      name: flutter_staggered_grid_view
      sha256: f0b6d8c0fa7b4b444985cdde68492c0138a4fb6fc57a641b24cb234b7ee0f5c4
      url: "https://pub.dev"
    source: hosted
    version: "0.4.1"
  flutter_svg:
    dependency: "direct main"
    description:
      name: flutter_svg
      sha256: "8c5d68a82add3ca76d792f058b186a0599414f279f00ece4830b9b231b570338"
      url: "https://pub.dev"
    source: hosted
    version: "2.0.7"
  flutter_test:
    dependency: "direct dev"
    description: flutter
    source: sdk
    version: "0.0.0"
  flutter_web_plugins:
    dependency: transitive
    description: flutter
    source: sdk
    version: "0.0.0"
  http:
    dependency: transitive
    description:
      name: http
      sha256: "5895291c13fa8a3bd82e76d5627f69e0d85ca6a30dcac95c4ea19a5d555879c2"
      url: "https://pub.dev"
    source: hosted
    version: "0.13.6"
  http_parser:
    dependency: transitive
    description:
      name: http_parser
      sha256: "2aa08ce0341cc9b354a498388e30986515406668dbcc4f7c950c3e715496693b"
      url: "https://pub.dev"
    source: hosted
    version: "4.0.2"
  intl:
    dependency: "direct main"
    description:
      name: intl
      sha256: "3bc132a9dbce73a7e4a21a17d06e1878839ffbf975568bc875c60537824b0c4d"
      url: "https://pub.dev"
    source: hosted
    version: "0.18.1"
  js:
    dependency: transitive
    description:
      name: js
      sha256: f2c445dce49627136094980615a031419f7f3eb393237e4ecd97ac15dea343f3
      url: "https://pub.dev"
    source: hosted
    version: "0.6.7"
  lints:
    dependency: transitive
    description:
      name: lints
      sha256: "0a217c6c989d21039f1498c3ed9f3ed71b354e69873f13a8dfc3c9fe76f1b452"
      url: "https://pub.dev"
    source: hosted
    version: "2.1.1"
  matcher:
    dependency: transitive
    description:
      name: matcher
      sha256: "1803e76e6653768d64ed8ff2e1e67bea3ad4b923eb5c56a295c3e634bad5960e"
      url: "https://pub.dev"
    source: hosted
    version: "0.12.16"
  material_color_utilities:
    dependency: transitive
    description:
      name: material_color_utilities
      sha256: "9528f2f296073ff54cb9fee677df673ace1218163c3bc7628093e7eed5203d41"
      url: "https://pub.dev"
    source: hosted
    version: "0.5.0"
  meta:
    dependency: transitive
    description:
      name: meta
      sha256: "3c74dbf8763d36539f114c799d8a2d87343b5067e9d796ca22b5eb8437090ee3"
      url: "https://pub.dev"
    source: hosted
    version: "1.9.1"
  mime:
    dependency: transitive
    description:
      name: mime
      sha256: e4ff8e8564c03f255408decd16e7899da1733852a9110a58fe6d1b817684a63e
      url: "https://pub.dev"
    source: hosted
    version: "1.0.4"
  minio_new:
    dependency: "direct main"
    description:
      path: "plugins_customized/minio_new-1.0.2"
      relative: true
    source: path
    version: "1.0.2"
  nested:
    dependency: transitive
    description:
      name: nested
      sha256: "03bac4c528c64c95c722ec99280375a6f2fc708eec17c7b3f07253b626cd2a20"
      url: "https://pub.dev"
    source: hosted
    version: "1.0.0"
  path:
    dependency: "direct main"
    description:
      name: path
      sha256: "8829d8a55c13fc0e37127c29fedf290c102f4e40ae94ada574091fe0ff96c917"
      url: "https://pub.dev"
    source: hosted
    version: "1.8.3"
  path_parsing:
    dependency: transitive
    description:
      name: path_parsing
      sha256: e3e67b1629e6f7e8100b367d3db6ba6af4b1f0bb80f64db18ef1fbabd2fa9ccf
      url: "https://pub.dev"
    source: hosted
    version: "1.0.1"
  path_provider:
    dependency: "direct main"
    description:
      name: path_provider
      sha256: "909b84830485dbcd0308edf6f7368bc8fd76afa26a270420f34cabea2a6467a0"
      url: "https://pub.dev"
    source: hosted
    version: "2.1.0"
  path_provider_android:
    dependency: transitive
    description:
      name: path_provider_android
      sha256: "5d44fc3314d969b84816b569070d7ace0f1dea04bd94a83f74c4829615d22ad8"
      url: "https://pub.dev"
    source: hosted
    version: "2.1.0"
  path_provider_foundation:
    dependency: transitive
    description:
      name: path_provider_foundation
      sha256: "1b744d3d774e5a879bb76d6cd1ecee2ba2c6960c03b1020cd35212f6aa267ac5"
      url: "https://pub.dev"
    source: hosted
    version: "2.3.0"
  path_provider_linux:
    dependency: transitive
    description:
      name: path_provider_linux
      sha256: ba2b77f0c52a33db09fc8caf85b12df691bf28d983e84cf87ff6d693cfa007b3
      url: "https://pub.dev"
    source: hosted
    version: "2.2.0"
  path_provider_platform_interface:
    dependency: transitive
    description:
      name: path_provider_platform_interface
      sha256: bced5679c7df11190e1ddc35f3222c858f328fff85c3942e46e7f5589bf9eb84
      url: "https://pub.dev"
    source: hosted
    version: "2.1.0"
  path_provider_windows:
    dependency: transitive
    description:
      name: path_provider_windows
      sha256: ee0e0d164516b90ae1f970bdf29f726f1aa730d7cfc449ecc74c495378b705da
      url: "https://pub.dev"
    source: hosted
    version: "2.2.0"
  petitparser:
    dependency: transitive
    description:
      name: petitparser
      sha256: cb3798bef7fc021ac45b308f4b51208a152792445cce0448c9a4ba5879dd8750
      url: "https://pub.dev"
    source: hosted
    version: "5.4.0"
  platform:
    dependency: transitive
    description:
      name: platform
      sha256: "57c07bf82207aee366dfaa3867b3164e4f03a238a461a11b0e8a3a510d51203d"
      url: "https://pub.dev"
    source: hosted
    version: "3.1.1"
  plugin_platform_interface:
    dependency: transitive
    description:
      name: plugin_platform_interface
      sha256: "6a2128648c854906c53fa8e33986fc0247a1116122f9534dd20e3ab9e16a32bc"
      url: "https://pub.dev"
    source: hosted
    version: "2.1.4"
  provider:
    dependency: "direct main"
    description:
      name: provider
      sha256: cdbe7530b12ecd9eb455bdaa2fcb8d4dad22e80b8afb4798b41479d5ce26847f
      url: "https://pub.dev"
    source: hosted
    version: "6.0.5"
  share_plus:
    dependency: "direct main"
    description:
      name: share_plus
      sha256: "6cec740fa0943a826951223e76218df002804adb588235a8910dc3d6b0654e11"
      url: "https://pub.dev"
    source: hosted
    version: "7.1.0"
  share_plus_platform_interface:
    dependency: transitive
    description:
      name: share_plus_platform_interface
      sha256: "357412af4178d8e11d14f41723f80f12caea54cf0d5cd29af9dcdab85d58aea7"
      url: "https://pub.dev"
    source: hosted
    version: "3.3.0"
  shared_preferences:
    dependency: "direct main"
    description:
      name: shared_preferences
      sha256: b7f41bad7e521d205998772545de63ff4e6c97714775902c199353f8bf1511ac
      url: "https://pub.dev"
    source: hosted
    version: "2.2.1"
  shared_preferences_android:
    dependency: transitive
    description:
      name: shared_preferences_android
      sha256: "8568a389334b6e83415b6aae55378e158fbc2314e074983362d20c562780fb06"
      url: "https://pub.dev"
    source: hosted
    version: "2.2.1"
  shared_preferences_foundation:
    dependency: transitive
    description:
      name: shared_preferences_foundation
      sha256: "7bf53a9f2d007329ee6f3df7268fd498f8373602f943c975598bbb34649b62a7"
      url: "https://pub.dev"
    source: hosted
    version: "2.3.4"
  shared_preferences_linux:
    dependency: transitive
    description:
      name: shared_preferences_linux
      sha256: c2eb5bf57a2fe9ad6988121609e47d3e07bb3bdca5b6f8444e4cf302428a128a
      url: "https://pub.dev"
    source: hosted
    version: "2.3.1"
  shared_preferences_platform_interface:
    dependency: transitive
    description:
      name: shared_preferences_platform_interface
      sha256: d4ec5fc9ebb2f2e056c617112aa75dcf92fc2e4faaf2ae999caa297473f75d8a
      url: "https://pub.dev"
    source: hosted
    version: "2.3.1"
  shared_preferences_web:
    dependency: transitive
    description:
      name: shared_preferences_web
      sha256: d762709c2bbe80626ecc819143013cc820fa49ca5e363620ee20a8b15a3e3daf
      url: "https://pub.dev"
    source: hosted
    version: "2.2.1"
  shared_preferences_windows:
    dependency: transitive
    description:
      name: shared_preferences_windows
      sha256: f763a101313bd3be87edffe0560037500967de9c394a714cd598d945517f694f
      url: "https://pub.dev"
    source: hosted
    version: "2.3.1"
  sky_engine:
    dependency: transitive
    description: flutter
    source: sdk
    version: "0.0.99"
  source_span:
    dependency: transitive
    description:
      name: source_span
      sha256: "53e943d4206a5e30df338fd4c6e7a077e02254531b138a15aec3bd143c1a8b3c"
      url: "https://pub.dev"
    source: hosted
    version: "1.10.0"
  sqflite:
    dependency: "direct main"
    description:
      name: sqflite
      sha256: "591f1602816e9c31377d5f008c2d9ef7b8aca8941c3f89cc5fd9d84da0c38a9a"
      url: "https://pub.dev"
    source: hosted
    version: "2.3.0"
  sqflite_common:
    dependency: transitive
    description:
      name: sqflite_common
      sha256: "1b92f368f44b0dee2425bb861cfa17b6f6cf3961f762ff6f941d20b33355660a"
      url: "https://pub.dev"
    source: hosted
    version: "2.5.0"
  stack_trace:
    dependency: transitive
    description:
      name: stack_trace
      sha256: c3c7d8edb15bee7f0f74debd4b9c5f3c2ea86766fe4178eb2a18eb30a0bdaed5
      url: "https://pub.dev"
    source: hosted
    version: "1.11.0"
  stream_channel:
    dependency: transitive
    description:
      name: stream_channel
      sha256: "83615bee9045c1d322bbbd1ba209b7a749c2cbcdcb3fdd1df8eb488b3279c1c8"
      url: "https://pub.dev"
    source: hosted
    version: "2.1.1"
  string_scanner:
    dependency: transitive
    description:
      name: string_scanner
      sha256: "556692adab6cfa87322a115640c11f13cb77b3f076ddcc5d6ae3c20242bedcde"
      url: "https://pub.dev"
    source: hosted
    version: "1.2.0"
  synchronized:
    dependency: transitive
    description:
      name: synchronized
      sha256: "5fcbd27688af6082f5abd611af56ee575342c30e87541d0245f7ff99faa02c60"
      url: "https://pub.dev"
    source: hosted
    version: "3.1.0"
  term_glyph:
    dependency: transitive
    description:
      name: term_glyph
      sha256: a29248a84fbb7c79282b40b8c72a1209db169a2e0542bce341da992fe1bc7e84
      url: "https://pub.dev"
    source: hosted
    version: "1.2.1"
  test_api:
    dependency: transitive
    description:
      name: test_api
      sha256: "75760ffd7786fffdfb9597c35c5b27eaeec82be8edfb6d71d32651128ed7aab8"
      url: "https://pub.dev"
    source: hosted
    version: "0.6.0"
  typed_data:
    dependency: transitive
    description:
      name: typed_data
      sha256: facc8d6582f16042dd49f2463ff1bd6e2c9ef9f3d5da3d9b087e244a7b564b3c
      url: "https://pub.dev"
    source: hosted
    version: "1.3.2"
  uni_links:
    dependency: "direct main"
    description:
      name: uni_links
      sha256: "051098acfc9e26a9fde03b487bef5d3d228ca8f67693480c6f33fd4fbb8e2b6e"
      url: "https://pub.dev"
    source: hosted
    version: "0.5.1"
  uni_links_platform_interface:
    dependency: transitive
    description:
      name: uni_links_platform_interface
      sha256: "929cf1a71b59e3b7c2d8a2605a9cf7e0b125b13bc858e55083d88c62722d4507"
      url: "https://pub.dev"
    source: hosted
    version: "1.0.0"
  uni_links_web:
    dependency: transitive
    description:
      name: uni_links_web
      sha256: "7539db908e25f67de2438e33cc1020b30ab94e66720b5677ba6763b25f6394df"
      url: "https://pub.dev"
    source: hosted
    version: "0.1.0"
  url_launcher:
    dependency: "direct main"
    description:
      name: url_launcher
      sha256: "47e208a6711459d813ba18af120d9663c20bdf6985d6ad39fe165d2538378d27"
      url: "https://pub.dev"
    source: hosted
    version: "6.1.14"
  url_launcher_android:
    dependency: transitive
    description:
      name: url_launcher_android
      sha256: b04af59516ab45762b2ca6da40fa830d72d0f6045cd97744450b73493fa76330
      url: "https://pub.dev"
    source: hosted
    version: "6.1.0"
  url_launcher_ios:
    dependency: transitive
    description:
      name: url_launcher_ios
      sha256: "7c65021d5dee51813d652357bc65b8dd4a6177082a9966bc8ba6ee477baa795f"
      url: "https://pub.dev"
    source: hosted
    version: "6.1.5"
  url_launcher_linux:
    dependency: transitive
    description:
      name: url_launcher_linux
      sha256: "207f4ddda99b95b4d4868320a352d374b0b7e05eefad95a4a26f57da413443f5"
      url: "https://pub.dev"
    source: hosted
    version: "3.0.5"
  url_launcher_macos:
    dependency: transitive
    description:
      name: url_launcher_macos
      sha256: b55486791f666e62e0e8ff825e58a023fd6b1f71c49926483f1128d3bbd8fe88
      url: "https://pub.dev"
    source: hosted
    version: "3.0.7"
  url_launcher_platform_interface:
    dependency: transitive
    description:
      name: url_launcher_platform_interface
      sha256: bfdfa402f1f3298637d71ca8ecfe840b4696698213d5346e9d12d4ab647ee2ea
      url: "https://pub.dev"
    source: hosted
    version: "2.1.3"
  url_launcher_web:
    dependency: transitive
    description:
      name: url_launcher_web
      sha256: cc26720eefe98c1b71d85f9dc7ef0cada5132617046369d9dc296b3ecaa5cbb4
      url: "https://pub.dev"
    source: hosted
    version: "2.0.18"
  url_launcher_windows:
    dependency: transitive
    description:
      name: url_launcher_windows
      sha256: "7967065dd2b5fccc18c653b97958fdf839c5478c28e767c61ee879f4e7882422"
      url: "https://pub.dev"
    source: hosted
    version: "3.0.7"
  uuid:
    dependency: transitive
    description:
      name: uuid
      sha256: "648e103079f7c64a36dc7d39369cabb358d377078a051d6ae2ad3aa539519313"
      url: "https://pub.dev"
    source: hosted
    version: "3.0.7"
  vector_graphics:
    dependency: transitive
    description:
      name: vector_graphics
      sha256: "670f6e07aca990b4a2bcdc08a784193c4ccdd1932620244c3a86bb72a0eac67f"
      url: "https://pub.dev"
    source: hosted
    version: "1.1.7"
  vector_graphics_codec:
    dependency: transitive
    description:
      name: vector_graphics_codec
      sha256: "7451721781d967db9933b63f5733b1c4533022c0ba373a01bdd79d1a5457f69f"
      url: "https://pub.dev"
    source: hosted
    version: "1.1.7"
  vector_graphics_compiler:
    dependency: transitive
    description:
      name: vector_graphics_compiler
      sha256: "80a13c613c8bde758b1464a1755a7b3a8f2b6cec61fbf0f5a53c94c30f03ba2e"
      url: "https://pub.dev"
    source: hosted
    version: "1.1.7"
  vector_math:
    dependency: transitive
    description:
      name: vector_math
      sha256: "80b3257d1492ce4d091729e3a67a60407d227c27241d6927be0130c98e741803"
      url: "https://pub.dev"
    source: hosted
    version: "2.1.4"
  web:
    dependency: transitive
    description:
      name: web
      sha256: dc8ccd225a2005c1be616fe02951e2e342092edf968cf0844220383757ef8f10
      url: "https://pub.dev"
    source: hosted
    version: "0.1.4-beta"
  win32:
    dependency: transitive
    description:
      name: win32
      sha256: "9e82a402b7f3d518fb9c02d0e9ae45952df31b9bf34d77baf19da2de03fc2aaa"
      url: "https://pub.dev"
    source: hosted
    version: "5.0.7"
  xdg_directories:
    dependency: transitive
    description:
      name: xdg_directories
      sha256: f0c26453a2d47aa4c2570c6a033246a3fc62da2fe23c7ffdd0a7495086dc0247
      url: "https://pub.dev"
    source: hosted
    version: "1.0.2"
  xml:
    dependency: transitive
    description:
      name: xml
      sha256: "5bc72e1e45e941d825fd7468b9b4cc3b9327942649aeb6fc5cdbf135f0a86e84"
      url: "https://pub.dev"
    source: hosted
    version: "6.3.0"
sdks:
  dart: ">=3.0.3 <4.0.0"
  flutter: ">=3.10.0"
